Microsoft Visual Studio Solution File, Format Version 12.00
# Visual Studio Version 17
VisualStudioVersion = 17.0.31912.275
MinimumVisualStudioVersion = 10.0.40219.1
Project("{FAE04EC0-301F-11D3-BF4B-00C04F79EFBC}") = "NetBackEnd.UnitTests", "NetBackEnd.UnitTests\NetBackEnd.UnitTests.csproj", "{AC512CCF-A261-48B0-82A0-25BC3B88B837}"
EndProject
Project("{FAE04EC0-301F-11D3-BF4B-00C04F79EFBC}") = "CurrencyConverter.Api", "NetBackEnd\CurrencyConverter.Api\CurrencyConverter.Api.csproj", "{DCED539F-37E9-8C70-3E58-2DEB4716CE38}"
EndProject
Global
	GlobalSection(SolutionConfigurationPlatforms) = preSolution
		Debug|Any CPU = Debug|Any CPU
		Release|Any CPU = Release|Any CPU
	EndGlobalSection
	GlobalSection(ProjectConfigurationPlatforms) = postSolution
		{AC512CCF-A261-48B0-82A0-25BC3B88B837}.Debug|Any CPU.ActiveCfg = Debug|Any CPU
		{AC512CCF-A261-48B0-82A0-25BC3B88B837}.Debug|Any CPU.Build.0 = Debug|Any CPU
		{AC512CCF-A261-48B0-82A0-25BC3B88B837}.Release|Any CPU.ActiveCfg = Release|Any CPU
		{AC512CCF-A261-48B0-82A0-25BC3B88B837}.Release|Any CPU.Build.0 = Release|Any CPU
		{DCED539F-37E9-8C70-3E58-2DEB4716CE38}.Debug|Any CPU.ActiveCfg = Debug|Any CPU
		{DCED539F-37E9-8C70-3E58-2DEB4716CE38}.Debug|Any CPU.Build.0 = Debug|Any CPU
		{DCED539F-37E9-8C70-3E58-2DEB4716CE38}.Release|Any CPU.ActiveCfg = Release|Any CPU
		{DCED539F-37E9-8C70-3E58-2DEB4716CE38}.Release|Any CPU.Build.0 = Release|Any CPU
	EndGlobalSection
	GlobalSection(SolutionProperties) = preSolution
		HideSolutionNode = FALSE
	EndGlobalSection
	GlobalSection(ExtensibilityGlobals) = postSolution
		        SolutionGuid = {3FE6239D-384B-4097-AA9B-B5DE1B1C00C7}
	EndGlobalSection
EndGlobal
